
Microsoft Visual Studio Solution File, Format Version 12.00
# Visual Studio Version 17
VisualStudioVersion = 17.0.32126.317
MinimumVisualStudioVersion = 10.0.40219.1
Project("{9A19103F-16F7-4668-BE54-9A1E7A4F7556}") = "Palantir-Rebirth", "Palantir-Rebirth.csproj", "{020CD836-9919-4B7C-A3FC-6ADDCCBF1FE6}"
EndProject
Project("{2150E333-8FDC-42A3-9474-1A3956D46DE8}") = "Solution Items", "Solution Items", "{AAE721D4-D132-4B09-B666-56CA6C8E9F01}"
	ProjectSection(SolutionItems) = preProject
		.editorconfig = .editorconfig
	EndProjectSection
EndProject
Global
	GlobalSection(SolutionConfigurationPlatforms) = preSolution
		Debug|Any CPU = Debug|Any CPU
		Release|Any CPU = Release|Any CPU
	EndGlobalSection
	GlobalSection(ProjectConfigurationPlatforms) = postSolution
		{020CD836-9919-4B7C-A3FC-6ADDCCBF1FE6}.Debug|Any CPU.ActiveCfg = Debug|Any CPU
		{020CD836-9919-4B7C-A3FC-6ADDCCBF1FE6}.Debug|Any CPU.Build.0 = Debug|Any CPU
		{020CD836-9919-4B7C-A3FC-6ADDCCBF1FE6}.Release|Any CPU.ActiveCfg = Release|Any CPU
		{020CD836-9919-4B7C-A3FC-6ADDCCBF1FE6}.Release|Any CPU.Build.0 = Release|Any CPU
	EndGlobalSection
	GlobalSection(SolutionProperties) = preSolution
		HideSolutionNode = FALSE
	EndGlobalSection
	GlobalSection(ExtensibilityGlobals) = postSolution
		SolutionGuid = {C55E2E92-D4C4-4815-A5E6-7363A8E7CC5A}
	EndGlobalSection
EndGlobal
